
Microsoft Visual Studio Solution File, Format Version 12.00
# Visual Studio Version 17
VisualStudioVersion = 17.2.32210.308
MinimumVisualStudioVersion = 10.0.40219.1
Project("{9A19103F-16F7-4668-BE54-9A1E7A4F7556}") = "Abraham.Office.Demo", "Abraham.Office.Demo.csproj", "{B49ABB1D-E517-4F38-8A36-20352F717615}"
EndProject
Project("{9A19103F-16F7-4668-BE54-9A1E7A4F7556}") = "Abraham.Office", "..\Abraham.Office\Abraham.Office.csproj", "{96DF23EF-08FE-4A5F-9627-28A539DB729C}"
EndProject
Project("{9A19103F-16F7-4668-BE54-9A1E7A4F7556}") = "Abraham.ShellLib", "..\Abraham.ShellLib\Abraham.ShellLib.csproj", "{050EB5E0-799B-4877-AD83-3794B5F057B0}"
EndProject
Project("{9A19103F-16F7-4668-BE54-9A1E7A4F7556}") = "Abraham.MicrosoftOfficeInterop", "..\Abraham.MicrosoftOfficeInterop\Abraham.MicrosoftOfficeInterop.csproj", "{164DCB6B-3336-4CBF-B76D-E1E3A14EB6F2}"
EndProject
Project("{FAE04EC0-301F-11D3-BF4B-00C04F79EFBC}") = "Abraham.MicrosoftOfficeInterop.Fw461", "..\Abraham.MicrosoftOfficeInterop.Fw461\Abraham.MicrosoftOfficeInterop.Fw461.csproj", "{F4B4CD4A-ACDC-436C-8731-E2AD5DD46233}"
EndProject
Project("{2150E333-8FDC-42A3-9474-1A3956D46DE8}") = "SolutionItems", "SolutionItems", "{273A8684-553F-42A8-AEC5-DAFBFB5F3F3D}"
	ProjectSection(SolutionItems) = preProject
		..\Readme.md = ..\Readme.md
	EndProjectSection
EndProject
Global
	GlobalSection(SolutionConfigurationPlatforms) = preSolution
		Debug|Any CPU = Debug|Any CPU
		Release|Any CPU = Release|Any CPU
	EndGlobalSection
	GlobalSection(ProjectConfigurationPlatforms) = postSolution
		{B49ABB1D-E517-4F38-8A36-20352F717615}.Debug|Any CPU.ActiveCfg = Debug|Any CPU
		{B49ABB1D-E517-4F38-8A36-20352F717615}.Debug|Any CPU.Build.0 = Debug|Any CPU
		{B49ABB1D-E517-4F38-8A36-20352F717615}.Release|Any CPU.ActiveCfg = Release|Any CPU
		{B49ABB1D-E517-4F38-8A36-20352F717615}.Release|Any CPU.Build.0 = Release|Any CPU
		{96DF23EF-08FE-4A5F-9627-28A539DB729C}.Debug|Any CPU.ActiveCfg = Debug|Any CPU
		{96DF23EF-08FE-4A5F-9627-28A539DB729C}.Debug|Any CPU.Build.0 = Debug|Any CPU
		{96DF23EF-08FE-4A5F-9627-28A539DB729C}.Release|Any CPU.ActiveCfg = Release|Any CPU
		{96DF23EF-08FE-4A5F-9627-28A539DB729C}.Release|Any CPU.Build.0 = Release|Any CPU
		{050EB5E0-799B-4877-AD83-3794B5F057B0}.Debug|Any CPU.ActiveCfg = Debug|Any CPU
		{050EB5E0-799B-4877-AD83-3794B5F057B0}.Debug|Any CPU.Build.0 = Debug|Any CPU
		{050EB5E0-799B-4877-AD83-3794B5F057B0}.Release|Any CPU.ActiveCfg = Release|Any CPU
		{050EB5E0-799B-4877-AD83-3794B5F057B0}.Release|Any CPU.Build.0 = Release|Any CPU
		{164DCB6B-3336-4CBF-B76D-E1E3A14EB6F2}.Debug|Any CPU.ActiveCfg = Debug|Any CPU
		{164DCB6B-3336-4CBF-B76D-E1E3A14EB6F2}.Debug|Any CPU.Build.0 = Debug|Any CPU
		{164DCB6B-3336-4CBF-B76D-E1E3A14EB6F2}.Release|Any CPU.ActiveCfg = Release|Any CPU
		{164DCB6B-3336-4CBF-B76D-E1E3A14EB6F2}.Release|Any CPU.Build.0 = Release|Any CPU
		{F4B4CD4A-ACDC-436C-8731-E2AD5DD46233}.Debug|Any CPU.ActiveCfg = Debug|Any CPU
		{F4B4CD4A-ACDC-436C-8731-E2AD5DD46233}.Debug|Any CPU.Build.0 = Debug|Any CPU
		{F4B4CD4A-ACDC-436C-8731-E2AD5DD46233}.Release|Any CPU.ActiveCfg = Release|Any CPU
		{F4B4CD4A-ACDC-436C-8731-E2AD5DD46233}.Release|Any CPU.Build.0 = Release|Any CPU
	EndGlobalSection
	GlobalSection(SolutionProperties) = preSolution
		HideSolutionNode = FALSE
	EndGlobalSection
	GlobalSection(ExtensibilityGlobals) = postSolution
		SolutionGuid = {4CDD8A5B-28CD-4D92-90C2-C0B58E04FD55}
	EndGlobalSection
EndGlobal
